// !$*UTF8*$!
{
	archiveVersion = 1;
	classes = {
	};
	objectVersion = 46;
	objects = {

/* Begin PBXBuildFile section */
		341296FC175ED33B0010EAF7 /* QuartzCore.framework in Frameworks */ = {isa = PBXBuildFile; fileRef = 341296FB175ED33B0010EAF7 /* QuartzCore.framework */; };
		341296FE175EDE390010EAF7 /* volume.aiff in Resources */ = {isa = PBXBuildFile; fileRef = 341296FD175EDE390010EAF7 /* volume.aiff */; };
		34D7F852173CA3B0004F1337 /* Cocoa.framework in Frameworks */ = {isa = PBXBuildFile; fileRef = 34D7F851173CA3B0004F1337 /* Cocoa.framework */; };
		34D7F85C173CA3B0004F1337 /* InfoPlist.strings in Resources */ = {isa = PBXBuildFile; fileRef = 34D7F85A173CA3B0004F1337 /* InfoPlist.strings */; };
		34D7F85E173CA3B0004F1337 /* main.m in Sources */ = {isa = PBXBuildFile; fileRef = 34D7F85D173CA3B0004F1337 /* main.m */; };
		34D7F862173CA3B0004F1337 /* Credits.rtf in Resources */ = {isa = PBXBuildFile; fileRef = 34D7F860173CA3B0004F1337 /* Credits.rtf */; };
		34D7F865173CA3B0004F1337 /* AppDelegate.m in Sources */ = {isa = PBXBuildFile; fileRef = 34D7F864173CA3B0004F1337 /* AppDelegate.m */; };
		34D7F868173CA3B0004F1337 /* MainMenu.xib in Resources */ = {isa = PBXBuildFile; fileRef = 34D7F866173CA3B0004F1337 /* MainMenu.xib */; };
		34D7F870173CAFF2004F1337 /* AudioToolbox.framework in Frameworks */ = {isa = PBXBuildFile; fileRef = 34D7F86E173CAFDE004F1337 /* AudioToolbox.framework */; };
/* End PBXBuildFile section */

/* Begin PBXFileReference section */
		341296FB175ED33B0010EAF7 /* QuartzCore.framework */ = {isa = PBXFileReference; lastKnownFileType = wrapper.framework; name = QuartzCore.framework; path = System/Library/Frameworks/QuartzCore.framework; sourceTree = SDKROOT; };
		341296FD175EDE390010EAF7 /* volume.aiff */ = {isa = PBXFileReference; lastKnownFileType = audio.aiff; path = volume.aiff; sourceTree = "<group>"; };
		34D7F84E173CA3B0004F1337 /* ScrollVolume.app */ = {isa = PBXFileReference; explicitFileType = wrapper.application; includeInIndex = 0; path = ScrollVolume.app; sourceTree = BUILT_PRODUCTS_DIR; };
		34D7F851173CA3B0004F1337 /* Cocoa.framework */ = {isa = PBXFileReference; lastKnownFileType = wrapper.framework; name = Cocoa.framework; path = System/Library/Frameworks/Cocoa.framework; sourceTree = SDKROOT; };
		34D7F854173CA3B0004F1337 /* AppKit.framework */ = {isa = PBXFileReference; lastKnownFileType = wrapper.framework; name = AppKit.framework; path = System/Library/Frameworks/AppKit.framework; sourceTree = SDKROOT; };
		34D7F855173CA3B0004F1337 /* CoreData.framework */ = {isa = PBXFileReference; lastKnownFileType = wrapper.framework; name = CoreData.framework; path = System/Library/Frameworks/CoreData.framework; sourceTree = SDKROOT; };
		34D7F856173CA3B0004F1337 /* Foundation.framework */ = {isa = PBXFileReference; lastKnownFileType = wrapper.framework; name = Foundation.framework; path = System/Library/Frameworks/Foundation.framework; sourceTree = SDKROOT; };
		34D7F859173CA3B0004F1337 /* ScrollVolume-Info.plist */ = {isa = PBXFileReference; lastKnownFileType = text.plist.xml; path = "ScrollVolume-Info.plist"; sourceTree = "<group>"; };
		34D7F85B173CA3B0004F1337 /* en */ = {isa = PBXFileReference; lastKnownFileType = text.plist.strings; name = en; path = en.lproj/InfoPlist.strings; sourceTree = "<group>"; };
		34D7F85D173CA3B0004F1337 /* main.m */ = {isa = PBXFileReference; lastKnownFileType = sourcecode.c.objc; path = main.m; sourceTree = "<group>"; };
		34D7F85F173CA3B0004F1337 /* ScrollVolume-Prefix.pch */ = {isa = PBXFileReference; lastKnownFileType = sourcecode.c.h; path = "ScrollVolume-Prefix.pch"; sourceTree = "<group>"; };
		34D7F861173CA3B0004F1337 /* en */ = {isa = PBXFileReference; lastKnownFileType = text.rtf; name = en; path = en.lproj/Credits.rtf; sourceTree = "<group>"; };
		34D7F863173CA3B0004F1337 /* AppDelegate.h */ = {isa = PBXFileReference; lastKnownFileType = sourcecode.c.h; path = AppDelegate.h; sourceTree = "<group>"; };
		34D7F864173CA3B0004F1337 /* AppDelegate.m */ = {isa = PBXFileReference; lastKnownFileType = sourcecode.c.objc; path = AppDelegate.m; sourceTree = "<group>"; };
		34D7F867173CA3B0004F1337 /* en */ = {isa = PBXFileReference; lastKnownFileType = file.xib; name = en; path = en.lproj/MainMenu.xib; sourceTree = "<group>"; };
		34D7F86E173CAFDE004F1337 /* AudioToolbox.framework */ = {isa = PBXFileReference; lastKnownFileType = wrapper.framework; name = AudioToolbox.framework; path = System/Library/Frameworks/AudioToolbox.framework; sourceTree = SDKROOT; };
/* End PBXFileReference section */

/* Begin PBXFrameworksBuildPhase section */
		34D7F84B173CA3B0004F1337 /* Frameworks */ = {
			isa = PBXFrameworksBuildPhase;
			buildActionMask = 2147483647;
			files = (
				34D7F852173CA3B0004F1337 /* Cocoa.framework in Frameworks */,
				34D7F870173CAFF2004F1337 /* AudioToolbox.framework in Frameworks */,
				341296FC175ED33B0010EAF7 /* QuartzCore.framework in Frameworks */,
			);
			runOnlyForDeploymentPostprocessing = 0;
		};
/* End PBXFrameworksBuildPhase section */

/* Begin PBXGroup section */
		34D7F845173CA3B0004F1337 = {
			isa = PBXGroup;
			children = (
				34D7F857173CA3B0004F1337 /* ScrollVolume */,
				34D7F850173CA3B0004F1337 /* Frameworks */,
				34D7F84F173CA3B0004F1337 /* Products */,
			);
			sourceTree = "<group>";
		};
		34D7F84F173CA3B0004F1337 /* Products */ = {
			isa = PBXGroup;
			children = (
				34D7F84E173CA3B0004F1337 /* ScrollVolume.app */,
			);
			name = Products;
			sourceTree = "<group>";
		};
		34D7F850173CA3B0004F1337 /* Frameworks */ = {
			isa = PBXGroup;
			children = (
				341296FB175ED33B0010EAF7 /* QuartzCore.framework */,
				34D7F86E173CAFDE004F1337 /* AudioToolbox.framework */,
				34D7F851173CA3B0004F1337 /* Cocoa.framework */,
				34D7F853173CA3B0004F1337 /* Other Frameworks */,
			);
			name = Frameworks;
			sourceTree = "<group>";
		};
		34D7F853173CA3B0004F1337 /* Other Frameworks */ = {
			isa = PBXGroup;
			children = (
				34D7F854173CA3B0004F1337 /* AppKit.framework */,
				34D7F855173CA3B0004F1337 /* CoreData.framework */,
				34D7F856173CA3B0004F1337 /* Foundation.framework */,
			);
			name = "Other Frameworks";
			sourceTree = "<group>";
		};
		34D7F857173CA3B0004F1337 /* ScrollVolume */ = {
			isa = PBXGroup;
			children = (
				34D7F863173CA3B0004F1337 /* AppDelegate.h */,
				34D7F864173CA3B0004F1337 /* AppDelegate.m */,
				341296FD175EDE390010EAF7 /* volume.aiff */,
				34D7F866173CA3B0004F1337 /* MainMenu.xib */,
				34D7F858173CA3B0004F1337 /* Supporting Files */,
			);
			path = ScrollVolume;
			sourceTree = "<group>";
		};
		34D7F858173CA3B0004F1337 /* Supporting Files */ = {
			isa = PBXGroup;
			children = (
				34D7F859173CA3B0004F1337 /* ScrollVolume-Info.plist */,
				34D7F85A173CA3B0004F1337 /* InfoPlist.strings */,
				34D7F85D173CA3B0004F1337 /* main.m */,
				34D7F85F173CA3B0004F1337 /* ScrollVolume-Prefix.pch */,
				34D7F860173CA3B0004F1337 /* Credits.rtf */,
			);
			name = "Supporting Files";
			sourceTree = "<group>";
		};
/* End PBXGroup section */

/* Begin PBXNativeTarget section */
		34D7F84D173CA3B0004F1337 /* ScrollVolume */ = {
			isa = PBXNativeTarget;
			buildConfigurationList = 34D7F86B173CA3B0004F1337 /* Build configuration list for PBXNativeTarget "ScrollVolume" */;
			buildPhases = (
				34D7F84A173CA3B0004F1337 /* Sources */,
				34D7F84B173CA3B0004F1337 /* Frameworks */,
				34D7F84C173CA3B0004F1337 /* Resources */,
			);
			buildRules = (
			);
			dependencies = (
			);
			name = ScrollVolume;
			productName = ScrollVolume;
			productReference = 34D7F84E173CA3B0004F1337 /* ScrollVolume.app */;
			productType = "com.apple.product-type.application";
		};
/* End PBXNativeTarget section */

/* Begin PBXProject section */
		34D7F846173CA3B0004F1337 /* Project object */ = {
			isa = PBXProject;
			attributes = {
				LastUpgradeCheck = 0460;
				ORGANIZATIONNAME = "Carlos Cesar Neves Enumo";
			};
			buildConfigurationList = 34D7F849173CA3B0004F1337 /* Build configuration list for PBXProject "ScrollVolume" */;
			compatibilityVersion = "Xcode 3.2";
			developmentRegion = English;
			hasScannedForEncodings = 0;
			knownRegions = (
				en,
			);
			mainGroup = 34D7F845173CA3B0004F1337;
			productRefGroup = 34D7F84F173CA3B0004F1337 /* Products */;
			projectDirPath = "";
			projectRoot = "";
			targets = (
				34D7F84D173CA3B0004F1337 /* ScrollVolume */,
			);
		};
/* End PBXProject section */

/* Begin PBXResourcesBuildPhase section */
		34D7F84C173CA3B0004F1337 /* Resources */ = {
			isa = PBXResourcesBuildPhase;
			buildActionMask = 2147483647;
			files = (
				34D7F85C173CA3B0004F1337 /* InfoPlist.strings in Resources */,
				34D7F862173CA3B0004F1337 /* Credits.rtf in Resources */,
				34D7F868173CA3B0004F1337 /* MainMenu.xib in Resources */,
				341296FE175EDE390010EAF7 /* volume.aiff in Resources */,
			);
			runOnlyForDeploymentPostprocessing = 0;
		};
/* End PBXResourcesBuildPhase section */

/* Begin PBXSourcesBuildPhase section */
		34D7F84A173CA3B0004F1337 /* Sources */ = {
			isa = PBXSourcesBuildPhase;
			buildActionMask = 2147483647;
			files = (
				34D7F85E173CA3B0004F1337 /* main.m in Sources */,
				34D7F865173CA3B0004F1337 /* AppDelegate.m in Sources */,
			);
			runOnlyForDeploymentPostprocessing = 0;
		};
/* End PBXSourcesBuildPhase section */

/* Begin PBXVariantGroup section */
		34D7F85A173CA3B0004F1337 /* InfoPlist.strings */ = {
			isa = PBXVariantGroup;
			children = (
				34D7F85B173CA3B0004F1337 /* en */,
			);
			name = InfoPlist.strings;
			sourceTree = "<group>";
		};
		34D7F860173CA3B0004F1337 /* Credits.rtf */ = {
			isa = PBXVariantGroup;
			children = (
				34D7F861173CA3B0004F1337 /* en */,
			);
			name = Credits.rtf;
			sourceTree = "<group>";
		};
		34D7F866173CA3B0004F1337 /* MainMenu.xib */ = {
			isa = PBXVariantGroup;
			children = (
				34D7F867173CA3B0004F1337 /* en */,
			);
			name = MainMenu.xib;
			sourceTree = "<group>";
		};
/* End PBXVariantGroup section */

/* Begin XCBuildConfiguration section */
		34D7F869173CA3B0004F1337 /* Debug */ = {
			isa = XCBuildConfiguration;
			buildSettings = {
				ALWAYS_SEARCH_USER_PATHS = NO;
				ARCHS = "$(ARCHS_STANDARD_64_BIT)";
				CLANG_CXX_LANGUAGE_STANDARD = "gnu++0x";
				CLANG_CXX_LIBRARY = "libc++";
				CLANG_ENABLE_OBJC_ARC = YES;
				CLANG_WARN_CONSTANT_CONVERSION = YES;
				CLANG_WARN_EMPTY_BODY = YES;
				CLANG_WARN_ENUM_CONVERSION = YES;
				CLANG_WARN_INT_CONVERSION = YES;
				CLANG_WARN__DUPLICATE_METHOD_MATCH = YES;
				COPY_PHASE_STRIP = NO;
				GCC_C_LANGUAGE_STANDARD = gnu99;
				GCC_DYNAMIC_NO_PIC = NO;
				GCC_ENABLE_OBJC_EXCEPTIONS = YES;
				GCC_OPTIMIZATION_LEVEL = 0;
				GCC_PREPROCESSOR_DEFINITIONS = (
					"DEBUG=1",
					"$(inherited)",
				);
				GCC_SYMBOLS_PRIVATE_EXTERN = NO;
				GCC_WARN_64_TO_32_BIT_CONVERSION = YES;
				GCC_WARN_ABOUT_RETURN_TYPE = YES;
				GCC_WARN_UNINITIALIZED_AUTOS = YES;
				GCC_WARN_UNUSED_VARIABLE = YES;
				MACOSX_DEPLOYMENT_TARGET = 10.8;
				ONLY_ACTIVE_ARCH = YES;
				SDKROOT = macosx;
			};
			name = Debug;
		};
		34D7F86A173CA3B0004F1337 /* Release */ = {
			isa = XCBuildConfiguration;
			buildSettings = {
				ALWAYS_SEARCH_USER_PATHS = NO;
				ARCHS = "$(ARCHS_STANDARD_64_BIT)";
				CLANG_CXX_LANGUAGE_STANDARD = "gnu++0x";
				CLANG_CXX_LIBRARY = "libc++";
				CLANG_ENABLE_OBJC_ARC = YES;
				CLANG_WARN_CONSTANT_CONVERSION = YES;
				CLANG_WARN_EMPTY_BODY = YES;
				CLANG_WARN_ENUM_CONVERSION = YES;
				CLANG_WARN_INT_CONVERSION = YES;
				CLANG_WARN__DUPLICATE_METHOD_MATCH = YES;
				COPY_PHASE_STRIP = YES;
				DEBUG_INFORMATION_FORMAT = "dwarf-with-dsym";
				GCC_C_LANGUAGE_STANDARD = gnu99;
				GCC_ENABLE_OBJC_EXCEPTIONS = YES;
				GCC_WARN_64_TO_32_BIT_CONVERSION = YES;
				GCC_WARN_ABOUT_RETURN_TYPE = YES;
				GCC_WARN_UNINITIALIZED_AUTOS = YES;
				GCC_WARN_UNUSED_VARIABLE = YES;
				MACOSX_DEPLOYMENT_TARGET = 10.8;
				SDKROOT = macosx;
			};
			name = Release;
		};
		34D7F86C173CA3B0004F1337 /* Debug */ = {
			isa = XCBuildConfiguration;
			buildSettings = {
				COMBINE_HIDPI_IMAGES = YES;
				GCC_PRECOMPILE_PREFIX_HEADER = YES;
				GCC_PREFIX_HEADER = "ScrollVolume/ScrollVolume-Prefix.pch";
				INFOPLIST_FILE = "ScrollVolume/ScrollVolume-Info.plist";
				PRODUCT_NAME = "$(TARGET_NAME)";
				WRAPPER_EXTENSION = app;
			};
			name = Debug;
		};
		34D7F86D173CA3B0004F1337 /* Release */ = {
			isa = XCBuildConfiguration;
			buildSettings = {
				COMBINE_HIDPI_IMAGES = YES;
				GCC_PRECOMPILE_PREFIX_HEADER = YES;
				GCC_PREFIX_HEADER = "ScrollVolume/ScrollVolume-Prefix.pch";
				INFOPLIST_FILE = "ScrollVolume/ScrollVolume-Info.plist";
				PRODUCT_NAME = "$(TARGET_NAME)";
				WRAPPER_EXTENSION = app;
			};
			name = Release;
		};
/* End XCBuildConfiguration section */

/* Begin XCConfigurationList section */
		34D7F849173CA3B0004F1337 /* Build configuration list for PBXProject "ScrollVolume" */ = {
			isa = XCConfigurationList;
			buildConfigurations = (
				34D7F869173CA3B0004F1337 /* Debug */,
				34D7F86A173CA3B0004F1337 /* Release */,
			);
			defaultConfigurationIsVisible = 0;
			defaultConfigurationName = Release;
		};
		34D7F86B173CA3B0004F1337 /* Build configuration list for PBXNativeTarget "ScrollVolume" */ = {
			isa = XCConfigurationList;
			buildConfigurations = (
				34D7F86C173CA3B0004F1337 /* Debug */,
				34D7F86D173CA3B0004F1337 /* Release */,
			);
			defaultConfigurationIsVisible = 0;
			defaultConfigurationName = Release;
		};
/* End XCConfigurationList section */
	};
	rootObject = 34D7F846173CA3B0004F1337 /* Project object */;
}
